Microsoft Visual Studio Solution File, Format Version 12.00
# Visual Studio Version 17
VisualStudioVersion = 17.5.2.0
MinimumVisualStudioVersion = 10.0.40219.1
Project("{FAE04EC0-301F-11D3-BF4B-00C04F79EFBC}") = "real-time-online-chats.Api.IntegrationTests", "real-time-online-chats.Api.IntegrationTests.csproj", "{F807B9C7-4309-04EA-BE9B-048E266E0449}"
EndProject
Global
	GlobalSection(SolutionConfigurationPlatforms) = preSolution
		Debug|Any CPU = Debug|Any CPU
		Release|Any CPU = Release|Any CPU
	EndGlobalSection
	GlobalSection(ProjectConfigurationPlatforms) = postSolution
		{F807B9C7-4309-04EA-BE9B-048E266E0449}.Debug|Any CPU.ActiveCfg = Debug|Any CPU
		{F807B9C7-4309-04EA-BE9B-048E266E0449}.Debug|Any CPU.Build.0 = Debug|Any CPU
		{F807B9C7-4309-04EA-BE9B-048E266E0449}.Release|Any CPU.ActiveCfg = Release|Any CPU
		{F807B9C7-4309-04EA-BE9B-048E266E0449}.Release|Any CPU.Build.0 = Release|Any CPU
	EndGlobalSection
	GlobalSection(SolutionProperties) = preSolution
		HideSolutionNode = FALSE
	EndGlobalSection
	GlobalSection(ExtensibilityGlobals) = postSolution
		SolutionGuid = {0CE92D69-B0C6-443F-92B1-EF7B7279EE04}
	EndGlobalSection
EndGlobal
