
Microsoft Visual Studio Solution File, Format Version 12.00
# Visual Studio Version 17
VisualStudioVersion = 17.0.31903.59
MinimumVisualStudioVersion = 10.0.40219.1
Project("{2150E333-8FDC-42A3-9474-1A3956D46DE8}") = "tests", "tests", "{0AB3BF05-4346-4AA6-1389-037BE0695223}"
EndProject
Project("{2150E333-8FDC-42A3-9474-1A3956D46DE8}") = "IntegrationTests", "IntegrationTests", "{30785934-E017-5D9F-2777-3D61460A5281}"
EndProject
Project("{FAE04EC0-301F-11D3-BF4B-00C04F79EFBC}") = "WebAPI.IntegrationTests", "tests\IntegrationTests\WebAPI.IntegrationTests.csproj", "{C7B22CDF-005E-4AAD-A273-C73D20859A5E}"
EndProject
Project("{2150E333-8FDC-42A3-9474-1A3956D46DE8}") = "src", "src", "{827E0CD3-B72D-47B6-A68D-7590B98EB39B}"
EndProject
Project("{FAE04EC0-301F-11D3-BF4B-00C04F79EFBC}") = "WebAPI", "src\WebAPI\WebAPI.csproj", "{55AD70E0-89ED-4C58-B2A9-21397969DF19}"
EndProject
Global
	GlobalSection(SolutionConfigurationPlatforms) = preSolution
		Debug|Any CPU = Debug|Any CPU
		Debug|x64 = Debug|x64
		Debug|x86 = Debug|x86
		Release|Any CPU = Release|Any CPU
		Release|x64 = Release|x64
		Release|x86 = Release|x86
	EndGlobalSection
	GlobalSection(ProjectConfigurationPlatforms) = postSolution
		{C7B22CDF-005E-4AAD-A273-C73D20859A5E}.Debug|Any CPU.ActiveCfg = Debug|Any CPU
		{C7B22CDF-005E-4AAD-A273-C73D20859A5E}.Debug|Any CPU.Build.0 = Debug|Any CPU
		{C7B22CDF-005E-4AAD-A273-C73D20859A5E}.Debug|x64.ActiveCfg = Debug|Any CPU
		{C7B22CDF-005E-4AAD-A273-C73D20859A5E}.Debug|x64.Build.0 = Debug|Any CPU
		{C7B22CDF-005E-4AAD-A273-C73D20859A5E}.Debug|x86.ActiveCfg = Debug|Any CPU
		{C7B22CDF-005E-4AAD-A273-C73D20859A5E}.Debug|x86.Build.0 = Debug|Any CPU
		{C7B22CDF-005E-4AAD-A273-C73D20859A5E}.Release|Any CPU.ActiveCfg = Release|Any CPU
		{C7B22CDF-005E-4AAD-A273-C73D20859A5E}.Release|Any CPU.Build.0 = Release|Any CPU
		{C7B22CDF-005E-4AAD-A273-C73D20859A5E}.Release|x64.ActiveCfg = Release|Any CPU
		{C7B22CDF-005E-4AAD-A273-C73D20859A5E}.Release|x64.Build.0 = Release|Any CPU
		{C7B22CDF-005E-4AAD-A273-C73D20859A5E}.Release|x86.ActiveCfg = Release|Any CPU
		{C7B22CDF-005E-4AAD-A273-C73D20859A5E}.Release|x86.Build.0 = Release|Any CPU
		{55AD70E0-89ED-4C58-B2A9-21397969DF19}.Debug|Any CPU.ActiveCfg = Debug|Any CPU
		{55AD70E0-89ED-4C58-B2A9-21397969DF19}.Debug|Any CPU.Build.0 = Debug|Any CPU
		{55AD70E0-89ED-4C58-B2A9-21397969DF19}.Debug|x64.ActiveCfg = Debug|Any CPU
		{55AD70E0-89ED-4C58-B2A9-21397969DF19}.Debug|x64.Build.0 = Debug|Any CPU
		{55AD70E0-89ED-4C58-B2A9-21397969DF19}.Debug|x86.ActiveCfg = Debug|Any CPU
		{55AD70E0-89ED-4C58-B2A9-21397969DF19}.Debug|x86.Build.0 = Debug|Any CPU
		{55AD70E0-89ED-4C58-B2A9-21397969DF19}.Release|Any CPU.ActiveCfg = Release|Any CPU
		{55AD70E0-89ED-4C58-B2A9-21397969DF19}.Release|Any CPU.Build.0 = Release|Any CPU
		{55AD70E0-89ED-4C58-B2A9-21397969DF19}.Release|x64.ActiveCfg = Release|Any CPU
		{55AD70E0-89ED-4C58-B2A9-21397969DF19}.Release|x64.Build.0 = Release|Any CPU
		{55AD70E0-89ED-4C58-B2A9-21397969DF19}.Release|x86.ActiveCfg = Release|Any CPU
		{55AD70E0-89ED-4C58-B2A9-21397969DF19}.Release|x86.Build.0 = Release|Any CPU
	EndGlobalSection
	GlobalSection(SolutionProperties) = preSolution
		HideSolutionNode = FALSE
	EndGlobalSection
	GlobalSection(NestedProjects) = preSolution
		{30785934-E017-5D9F-2777-3D61460A5281} = {0AB3BF05-4346-4AA6-1389-037BE0695223}
		{C7B22CDF-005E-4AAD-A273-C73D20859A5E} = {30785934-E017-5D9F-2777-3D61460A5281}
		{55AD70E0-89ED-4C58-B2A9-21397969DF19} = {827E0CD3-B72D-47B6-A68D-7590B98EB39B}
	EndGlobalSection
EndGlobal
