
Microsoft Visual Studio Solution File, Format Version 12.00
# Visual Studio Version 17
VisualStudioVersion = 17.5.002.0
MinimumVisualStudioVersion = 10.0.40219.1
Project("{9A19103F-16F7-4668-BE54-9A1E7A4F7556}") = "real-time-online-chats.Server", "real-time-online-chats.Server.csproj", "{D6025D74-6E0E-4DD2-AAE1-2C2C6CED9AE4}"
EndProject
Global
	GlobalSection(SolutionConfigurationPlatforms) = preSolution
		Debug|Any CPU = Debug|Any CPU
		Release|Any CPU = Release|Any CPU
	EndGlobalSection
	GlobalSection(ProjectConfigurationPlatforms) = postSolution
		{D6025D74-6E0E-4DD2-AAE1-2C2C6CED9AE4}.Debug|Any CPU.ActiveCfg = Debug|Any CPU
		{D6025D74-6E0E-4DD2-AAE1-2C2C6CED9AE4}.Debug|Any CPU.Build.0 = Debug|Any CPU
		{D6025D74-6E0E-4DD2-AAE1-2C2C6CED9AE4}.Release|Any CPU.ActiveCfg = Release|Any CPU
		{D6025D74-6E0E-4DD2-AAE1-2C2C6CED9AE4}.Release|Any CPU.Build.0 = Release|Any CPU
	EndGlobalSection
	GlobalSection(SolutionProperties) = preSolution
		HideSolutionNode = FALSE
	EndGlobalSection
	GlobalSection(ExtensibilityGlobals) = postSolution
		SolutionGuid = {3F475151-2665-4541-9E93-A2A8607C7E8F}
	EndGlobalSection
EndGlobal
